// !$*UTF8*$!
{
	archiveVersion = 1;
	classes = {
	};
	objectVersion = 50;
	objects = {

/* Begin PBXBuildFile section */
		ACB44B9A239F97D100B3EF45 /* AppDelegate.swift in Sources */ = {isa = PBXBuildFile; fileRef = ACB44B99239F97D100B3EF45 /* AppDelegate.swift */; };
		ACB44B9C239F97D100B3EF45 /* SceneDelegate.swift in Sources */ = {isa = PBXBuildFile; fileRef = ACB44B9B239F97D100B3EF45 /* SceneDelegate.swift */; };
		ACB44B9E239F97D100B3EF45 /* ContentView.swift in Sources */ = {isa = PBXBuildFile; fileRef = ACB44B9D239F97D100B3EF45 /* ContentView.swift */; };
		ACB44BA0239F97D400B3EF45 /* Assets.xcassets in Resources */ = {isa = PBXBuildFile; fileRef = ACB44B9F239F97D400B3EF45 /* Assets.xcassets */; };
		ACB44BA3239F97D400B3EF45 /* Preview Assets.xcassets in Resources */ = {isa = PBXBuildFile; fileRef = ACB44BA2239F97D400B3EF45 /* Preview Assets.xcassets */; };
		ACB44BA6239F97D400B3EF45 /* LaunchScreen.storyboard in Resources */ = {isa = PBXBuildFile; fileRef = ACB44BA4239F97D400B3EF45 /* LaunchScreen.storyboard */; };
		ACB44BB4239F984800B3EF45 /* RoomDetail.swift in Sources */ = {isa = PBXBuildFile; fileRef = ACB44BB0239F984800B3EF45 /* RoomDetail.swift */; };
		ACB44BB5239F984800B3EF45 /* RoomStore.swift in Sources */ = {isa = PBXBuildFile; fileRef = ACB44BB1239F984800B3EF45 /* RoomStore.swift */; };
		ACB44BB6239F984800B3EF45 /* Room.swift in Sources */ = {isa = PBXBuildFile; fileRef = ACB44BB2239F984800B3EF45 /* Room.swift */; };
		ACB44BB7239F984800B3EF45 /* RoomList.swift in Sources */ = {isa = PBXBuildFile; fileRef = ACB44BB3239F984800B3EF45 /* RoomList.swift */; };
		ACB44BB9239F9ADB00B3EF45 /* README.md in Resources */ = {isa = PBXBuildFile; fileRef = ACB44BB8239F9ADB00B3EF45 /* README.md */; };
		ACB44C1023A0EE9500B3EF45 /* MapView.swift in Sources */ = {isa = PBXBuildFile; fileRef = ACB44C0723A0EE9400B3EF45 /* MapView.swift */; };
		ACB44C1123A0EE9500B3EF45 /* CircleImage.swift in Sources */ = {isa = PBXBuildFile; fileRef = ACB44C0823A0EE9400B3EF45 /* CircleImage.swift */; };
		ACB44C1223A0EE9500B3EF45 /* LandmarkList.swift in Sources */ = {isa = PBXBuildFile; fileRef = ACB44C0923A0EE9400B3EF45 /* LandmarkList.swift */; };
		ACB44C1323A0EE9500B3EF45 /* Data.swift in Sources */ = {isa = PBXBuildFile; fileRef = ACB44C0B23A0EE9400B3EF45 /* Data.swift */; };
		ACB44C1423A0EE9500B3EF45 /* UserData.swift in Sources */ = {isa = PBXBuildFile; fileRef = ACB44C0C23A0EE9400B3EF45 /* UserData.swift */; };
		ACB44C1523A0EE9500B3EF45 /* Landmark.swift in Sources */ = {isa = PBXBuildFile; fileRef = ACB44C0D23A0EE9400B3EF45 /* Landmark.swift */; };
		ACB44C1623A0EE9500B3EF45 /* LandmarkDetail.swift in Sources */ = {isa = PBXBuildFile; fileRef = ACB44C0E23A0EE9400B3EF45 /* LandmarkDetail.swift */; };
		ACB44C1723A0EE9500B3EF45 /* LandmarkRow.swift in Sources */ = {isa = PBXBuildFile; fileRef = ACB44C0F23A0EE9400B3EF45 /* LandmarkRow.swift */; };
		ACB44C2623A0EEC700B3EF45 /* charleyrivers.jpg in Resources */ = {isa = PBXBuildFile; fileRef = ACB44C1923A0EEC700B3EF45 /* charleyrivers.jpg */; };
		ACB44C2723A0EEC700B3EF45 /* turtlerock.jpg in Resources */ = {isa = PBXBuildFile; fileRef = ACB44C1A23A0EEC700B3EF45 /* turtlerock.jpg */; };
		ACB44C2823A0EEC700B3EF45 /* silversalmoncreek.jpg in Resources */ = {isa = PBXBuildFile; fileRef = ACB44C1B23A0EEC700B3EF45 /* silversalmoncreek.jpg */; };
		ACB44C2923A0EEC700B3EF45 /* icybay.jpg in Resources */ = {isa = PBXBuildFile; fileRef = ACB44C1C23A0EEC700B3EF45 /* icybay.jpg */; };
		ACB44C2A23A0EEC700B3EF45 /* lakemcdonald.jpg in Resources */ = {isa = PBXBuildFile; fileRef = ACB44C1D23A0EEC700B3EF45 /* lakemcdonald.jpg */; };
		ACB44C2B23A0EEC700B3EF45 /* hiddenlake.jpg in Resources */ = {isa = PBXBuildFile; fileRef = ACB44C1E23A0EEC700B3EF45 /* hiddenlake.jpg */; };
		ACB44C2C23A0EEC700B3EF45 /* twinlake.jpg in Resources */ = {isa = PBXBuildFile; fileRef = ACB44C1F23A0EEC700B3EF45 /* twinlake.jpg */; };
		ACB44C2D23A0EEC700B3EF45 /* umbagog.jpg in Resources */ = {isa = PBXBuildFile; fileRef = ACB44C2023A0EEC700B3EF45 /* umbagog.jpg */; };
		ACB44C2E23A0EEC700B3EF45 /* landmarkData.json in Resources */ = {isa = PBXBuildFile; fileRef = ACB44C2123A0EEC700B3EF45 /* landmarkData.json */; };
		ACB44C2F23A0EEC700B3EF45 /* chincoteague.jpg in Resources */ = {isa = PBXBuildFile; fileRef = ACB44C2223A0EEC700B3EF45 /* chincoteague.jpg */; };
		ACB44C3023A0EEC700B3EF45 /* stmarylake.jpg in Resources */ = {isa = PBXBuildFile; fileRef = ACB44C2323A0EEC700B3EF45 /* stmarylake.jpg */; };
		ACB44C3123A0EEC700B3EF45 /* chilkoottrail.jpg in Resources */ = {isa = PBXBuildFile; fileRef = ACB44C2423A0EEC700B3EF45 /* chilkoottrail.jpg */; };
		ACB44C3223A0EEC700B3EF45 /* rainbowlake.jpg in Resources */ = {isa = PBXBuildFile; fileRef = ACB44C2523A0EEC700B3EF45 /* rainbowlake.jpg */; };
/* End PBXBuildFile section */

/* Begin PBXFileReference section */
		ACB44B96239F97D100B3EF45 /* SwiftUI-WWDC19.app */ = {isa = PBXFileReference; explicitFileType = wrapper.application; includeInIndex = 0; path = "SwiftUI-WWDC19.app"; sourceTree = BUILT_PRODUCTS_DIR; };
		ACB44B99239F97D100B3EF45 /* AppDelegate.swift */ = {isa = PBXFileReference; lastKnownFileType = sourcecode.swift; path = AppDelegate.swift; sourceTree = "<group>"; };
		ACB44B9B239F97D100B3EF45 /* SceneDelegate.swift */ = {isa = PBXFileReference; lastKnownFileType = sourcecode.swift; path = SceneDelegate.swift; sourceTree = "<group>"; };
		ACB44B9D239F97D100B3EF45 /* ContentView.swift */ = {isa = PBXFileReference; lastKnownFileType = sourcecode.swift; path = ContentView.swift; sourceTree = "<group>"; };
		ACB44B9F239F97D400B3EF45 /* Assets.xcassets */ = {isa = PBXFileReference; lastKnownFileType = folder.assetcatalog; path = Assets.xcassets; sourceTree = "<group>"; };
		ACB44BA2239F97D400B3EF45 /* Preview Assets.xcassets */ = {isa = PBXFileReference; lastKnownFileType = folder.assetcatalog; path = "Preview Assets.xcassets"; sourceTree = "<group>"; };
		ACB44BA5239F97D400B3EF45 /* Base */ = {isa = PBXFileReference; lastKnownFileType = file.storyboard; name = Base; path = Base.lproj/LaunchScreen.storyboard; sourceTree = "<group>"; };
		ACB44BA7239F97D400B3EF45 /* Info.plist */ = {isa = PBXFileReference; lastKnownFileType = text.plist.xml; path = Info.plist; sourceTree = "<group>"; };
		ACB44BB0239F984800B3EF45 /* RoomDetail.swift */ = {isa = PBXFileReference; fileEncoding = 4; lastKnownFileType = sourcecode.swift; path = RoomDetail.swift; sourceTree = "<group>"; };
		ACB44BB1239F984800B3EF45 /* RoomStore.swift */ = {isa = PBXFileReference; fileEncoding = 4; lastKnownFileType = sourcecode.swift; path = RoomStore.swift; sourceTree = "<group>"; };
		ACB44BB2239F984800B3EF45 /* Room.swift */ = {isa = PBXFileReference; fileEncoding = 4; lastKnownFileType = sourcecode.swift; path = Room.swift; sourceTree = "<group>"; };
		ACB44BB3239F984800B3EF45 /* RoomList.swift */ = {isa = PBXFileReference; fileEncoding = 4; lastKnownFileType = sourcecode.swift; path = RoomList.swift; sourceTree = "<group>"; };
		ACB44BB8239F9ADB00B3EF45 /* README.md */ = {isa = PBXFileReference; fileEncoding = 4; lastKnownFileType = net.daringfireball.markdown; path = README.md; sourceTree = "<group>"; };
		ACB44C0723A0EE9400B3EF45 /* MapView.swift */ = {isa = PBXFileReference; fileEncoding = 4; lastKnownFileType = sourcecode.swift; path = MapView.swift; sourceTree = "<group>"; };
		ACB44C0823A0EE9400B3EF45 /* CircleImage.swift */ = {isa = PBXFileReference; fileEncoding = 4; lastKnownFileType = sourcecode.swift; path = CircleImage.swift; sourceTree = "<group>"; };
		ACB44C0923A0EE9400B3EF45 /* LandmarkList.swift */ = {isa = PBXFileReference; fileEncoding = 4; lastKnownFileType = sourcecode.swift; path = LandmarkList.swift; sourceTree = "<group>"; };
		ACB44C0B23A0EE9400B3EF45 /* Data.swift */ = {isa = PBXFileReference; fileEncoding = 4; lastKnownFileType = sourcecode.swift; path = Data.swift; sourceTree = "<group>"; };
		ACB44C0C23A0EE9400B3EF45 /* UserData.swift */ = {isa = PBXFileReference; fileEncoding = 4; lastKnownFileType = sourcecode.swift; path = UserData.swift; sourceTree = "<group>"; };
		ACB44C0D23A0EE9400B3EF45 /* Landmark.swift */ = {isa = PBXFileReference; fileEncoding = 4; lastKnownFileType = sourcecode.swift; path = Landmark.swift; sourceTree = "<group>"; };
		ACB44C0E23A0EE9400B3EF45 /* LandmarkDetail.swift */ = {isa = PBXFileReference; fileEncoding = 4; lastKnownFileType = sourcecode.swift; path = LandmarkDetail.swift; sourceTree = "<group>"; };
		ACB44C0F23A0EE9400B3EF45 /* LandmarkRow.swift */ = {isa = PBXFileReference; fileEncoding = 4; lastKnownFileType = sourcecode.swift; path = LandmarkRow.swift; sourceTree = "<group>"; };
		ACB44C1923A0EEC700B3EF45 /* charleyrivers.jpg */ = {isa = PBXFileReference; lastKnownFileType = image.jpeg; path = charleyrivers.jpg; sourceTree = "<group>"; };
		ACB44C1A23A0EEC700B3EF45 /* turtlerock.jpg */ = {isa = PBXFileReference; lastKnownFileType = image.jpeg; path = turtlerock.jpg; sourceTree = "<group>"; };
		ACB44C1B23A0EEC700B3EF45 /* silversalmoncreek.jpg */ = {isa = PBXFileReference; lastKnownFileType = image.jpeg; path = silversalmoncreek.jpg; sourceTree = "<group>"; };
		ACB44C1C23A0EEC700B3EF45 /* icybay.jpg */ = {isa = PBXFileReference; lastKnownFileType = image.jpeg; path = icybay.jpg; sourceTree = "<group>"; };
		ACB44C1D23A0EEC700B3EF45 /* lakemcdonald.jpg */ = {isa = PBXFileReference; lastKnownFileType = image.jpeg; path = lakemcdonald.jpg; sourceTree = "<group>"; };
		ACB44C1E23A0EEC700B3EF45 /* hiddenlake.jpg */ = {isa = PBXFileReference; lastKnownFileType = image.jpeg; path = hiddenlake.jpg; sourceTree = "<group>"; };
		ACB44C1F23A0EEC700B3EF45 /* twinlake.jpg */ = {isa = PBXFileReference; lastKnownFileType = image.jpeg; path = twinlake.jpg; sourceTree = "<group>"; };
		ACB44C2023A0EEC700B3EF45 /* umbagog.jpg */ = {isa = PBXFileReference; lastKnownFileType = image.jpeg; path = umbagog.jpg; sourceTree = "<group>"; };
		ACB44C2123A0EEC700B3EF45 /* landmarkData.json */ = {isa = PBXFileReference; fileEncoding = 4; lastKnownFileType = text.json; path = landmarkData.json; sourceTree = "<group>"; };
		ACB44C2223A0EEC700B3EF45 /* chincoteague.jpg */ = {isa = PBXFileReference; lastKnownFileType = image.jpeg; path = chincoteague.jpg; sourceTree = "<group>"; };
		ACB44C2323A0EEC700B3EF45 /* stmarylake.jpg */ = {isa = PBXFileReference; lastKnownFileType = image.jpeg; path = stmarylake.jpg; sourceTree = "<group>"; };
		ACB44C2423A0EEC700B3EF45 /* chilkoottrail.jpg */ = {isa = PBXFileReference; lastKnownFileType = image.jpeg; path = chilkoottrail.jpg; sourceTree = "<group>"; };
		ACB44C2523A0EEC700B3EF45 /* rainbowlake.jpg */ = {isa = PBXFileReference; lastKnownFileType = image.jpeg; path = rainbowlake.jpg; sourceTree = "<group>"; };
/* End PBXFileReference section */

/* Begin PBXFrameworksBuildPhase section */
		ACB44B93239F97D100B3EF45 /* Frameworks */ = {
			isa = PBXFrameworksBuildPhase;
			buildActionMask = 2147483647;
			files = (
			);
			runOnlyForDeploymentPostprocessing = 0;
		};
/* End PBXFrameworksBuildPhase section */

/* Begin PBXGroup section */
		ACB44B8D239F97D100B3EF45 = {
			isa = PBXGroup;
			children = (
				ACB44BB8239F9ADB00B3EF45 /* README.md */,
				ACB44B98239F97D100B3EF45 /* SwiftUI-WWDC19 */,
				ACB44B97239F97D100B3EF45 /* Products */,
			);
			sourceTree = "<group>";
		};
		ACB44B97239F97D100B3EF45 /* Products */ = {
			isa = PBXGroup;
			children = (
				ACB44B96239F97D100B3EF45 /* SwiftUI-WWDC19.app */,
			);
			name = Products;
			sourceTree = "<group>";
		};
		ACB44B98239F97D100B3EF45 /* SwiftUI-WWDC19 */ = {
			isa = PBXGroup;
			children = (
				ACB44C0623A0EE9400B3EF45 /* Landmark */,
				ACB44BAF239F984800B3EF45 /* BuildFirstApp */,
				ACB44B99239F97D100B3EF45 /* AppDelegate.swift */,
				ACB44B9B239F97D100B3EF45 /* SceneDelegate.swift */,
				ACB44B9D239F97D100B3EF45 /* ContentView.swift */,
				ACB44B9F239F97D400B3EF45 /* Assets.xcassets */,
				ACB44BA4239F97D400B3EF45 /* LaunchScreen.storyboard */,
				ACB44BA7239F97D400B3EF45 /* Info.plist */,
				ACB44C1823A0EEC700B3EF45 /* Resources */,
				ACB44BA1239F97D400B3EF45 /* Preview Content */,
			);
			path = "SwiftUI-WWDC19";
			sourceTree = "<group>";
		};
		ACB44BA1239F97D400B3EF45 /* Preview Content */ = {
			isa = PBXGroup;
			children = (
				ACB44BA2239F97D400B3EF45 /* Preview Assets.xcassets */,
			);
			path = "Preview Content";
			sourceTree = "<group>";
		};
		ACB44BAF239F984800B3EF45 /* BuildFirstApp */ = {
			isa = PBXGroup;
			children = (
				ACB44BB0239F984800B3EF45 /* RoomDetail.swift */,
				ACB44BB1239F984800B3EF45 /* RoomStore.swift */,
				ACB44BB2239F984800B3EF45 /* Room.swift */,
				ACB44BB3239F984800B3EF45 /* RoomList.swift */,
			);
			path = BuildFirstApp;
			sourceTree = "<group>";
		};
		ACB44C0623A0EE9400B3EF45 /* Landmark */ = {
			isa = PBXGroup;
			children = (
				ACB44C0723A0EE9400B3EF45 /* MapView.swift */,
				ACB44C0823A0EE9400B3EF45 /* CircleImage.swift */,
				ACB44C0923A0EE9400B3EF45 /* LandmarkList.swift */,
				ACB44C0A23A0EE9400B3EF45 /* Models */,
				ACB44C0E23A0EE9400B3EF45 /* LandmarkDetail.swift */,
				ACB44C0F23A0EE9400B3EF45 /* LandmarkRow.swift */,
			);
			path = Landmark;
			sourceTree = "<group>";
		};
		ACB44C0A23A0EE9400B3EF45 /* Models */ = {
			isa = PBXGroup;
			children = (
				ACB44C0B23A0EE9400B3EF45 /* Data.swift */,
				ACB44C0C23A0EE9400B3EF45 /* UserData.swift */,
				ACB44C0D23A0EE9400B3EF45 /* Landmark.swift */,
			);
			path = Models;
			sourceTree = "<group>";
		};
		ACB44C1823A0EEC700B3EF45 /* Resources */ = {
			isa = PBXGroup;
			children = (
				ACB44C1923A0EEC700B3EF45 /* charleyrivers.jpg */,
				ACB44C1A23A0EEC700B3EF45 /* turtlerock.jpg */,
				ACB44C1B23A0EEC700B3EF45 /* silversalmoncreek.jpg */,
				ACB44C1C23A0EEC700B3EF45 /* icybay.jpg */,
				ACB44C1D23A0EEC700B3EF45 /* lakemcdonald.jpg */,
				ACB44C1E23A0EEC700B3EF45 /* hiddenlake.jpg */,
				ACB44C1F23A0EEC700B3EF45 /* twinlake.jpg */,
				ACB44C2023A0EEC700B3EF45 /* umbagog.jpg */,
				ACB44C2123A0EEC700B3EF45 /* landmarkData.json */,
				ACB44C2223A0EEC700B3EF45 /* chincoteague.jpg */,
				ACB44C2323A0EEC700B3EF45 /* stmarylake.jpg */,
				ACB44C2423A0EEC700B3EF45 /* chilkoottrail.jpg */,
				ACB44C2523A0EEC700B3EF45 /* rainbowlake.jpg */,
			);
			path = Resources;
			sourceTree = "<group>";
		};
/* End PBXGroup section */

/* Begin PBXNativeTarget section */
		ACB44B95239F97D100B3EF45 /* SwiftUI-WWDC19 */ = {
			isa = PBXNativeTarget;
			buildConfigurationList = ACB44BAA239F97D400B3EF45 /* Build configuration list for PBXNativeTarget "SwiftUI-WWDC19" */;
			buildPhases = (
				ACB44B92239F97D100B3EF45 /* Sources */,
				ACB44B93239F97D100B3EF45 /* Frameworks */,
				ACB44B94239F97D100B3EF45 /* Resources */,
			);
			buildRules = (
			);
			dependencies = (
			);
			name = "SwiftUI-WWDC19";
			productName = "SwiftUI-WWDC19";
			productReference = ACB44B96239F97D100B3EF45 /* SwiftUI-WWDC19.app */;
			productType = "com.apple.product-type.application";
		};
/* End PBXNativeTarget section */

/* Begin PBXProject section */
		ACB44B8E239F97D100B3EF45 /* Project object */ = {
			isa = PBXProject;
			attributes = {
				LastSwiftUpdateCheck = 1120;
				LastUpgradeCheck = 1120;
				ORGANIZATIONNAME = "Tony Chan";
				TargetAttributes = {
					ACB44B95239F97D100B3EF45 = {
						CreatedOnToolsVersion = 11.2.1;
					};
				};
			};
			buildConfigurationList = ACB44B91239F97D100B3EF45 /* Build configuration list for PBXProject "SwiftUI-WWDC19" */;
			compatibilityVersion = "Xcode 9.3";
			developmentRegion = en;
			hasScannedForEncodings = 0;
			knownRegions = (
				en,
				Base,
			);
			mainGroup = ACB44B8D239F97D100B3EF45;
			productRefGroup = ACB44B97239F97D100B3EF45 /* Products */;
			projectDirPath = "";
			projectRoot = "";
			targets = (
				ACB44B95239F97D100B3EF45 /* SwiftUI-WWDC19 */,
			);
		};
/* End PBXProject section */

/* Begin PBXResourcesBuildPhase section */
		ACB44B94239F97D100B3EF45 /* Resources */ = {
			isa = PBXResourcesBuildPhase;
			buildActionMask = 2147483647;
			files = (
				ACB44C2D23A0EEC700B3EF45 /* umbagog.jpg in Resources */,
				ACB44C2623A0EEC700B3EF45 /* charleyrivers.jpg in Resources */,
				ACB44BA6239F97D400B3EF45 /* LaunchScreen.storyboard in Resources */,
				ACB44C2923A0EEC700B3EF45 /* icybay.jpg in Resources */,
				ACB44C2E23A0EEC700B3EF45 /* landmarkData.json in Resources */,
				ACB44C2A23A0EEC700B3EF45 /* lakemcdonald.jpg in Resources */,
				ACB44C3023A0EEC700B3EF45 /* stmarylake.jpg in Resources */,
				ACB44C2723A0EEC700B3EF45 /* turtlerock.jpg in Resources */,
				ACB44BA3239F97D400B3EF45 /* Preview Assets.xcassets in Resources */,
				ACB44C3123A0EEC700B3EF45 /* chilkoottrail.jpg in Resources */,
				ACB44C2823A0EEC700B3EF45 /* silversalmoncreek.jpg in Resources */,
				ACB44BB9239F9ADB00B3EF45 /* README.md in Resources */,
				ACB44C2F23A0EEC700B3EF45 /* chincoteague.jpg in Resources */,
				ACB44C2B23A0EEC700B3EF45 /* hiddenlake.jpg in Resources */,
				ACB44BA0239F97D400B3EF45 /* Assets.xcassets in Resources */,
				ACB44C2C23A0EEC700B3EF45 /* twinlake.jpg in Resources */,
				ACB44C3223A0EEC700B3EF45 /* rainbowlake.jpg in Resources */,
			);
			runOnlyForDeploymentPostprocessing = 0;
		};
/* End PBXResourcesBuildPhase section */

/* Begin PBXSourcesBuildPhase section */
		ACB44B92239F97D100B3EF45 /* Sources */ = {
			isa = PBXSourcesBuildPhase;
			buildActionMask = 2147483647;
			files = (
				ACB44C1523A0EE9500B3EF45 /* Landmark.swift in Sources */,
				ACB44BB5239F984800B3EF45 /* RoomStore.swift in Sources */,
				ACB44C1023A0EE9500B3EF45 /* MapView.swift in Sources */,
				ACB44B9A239F97D100B3EF45 /* AppDelegate.swift in Sources */,
				ACB44BB7239F984800B3EF45 /* RoomList.swift in Sources */,
				ACB44C1323A0EE9500B3EF45 /* Data.swift in Sources */,
				ACB44C1623A0EE9500B3EF45 /* LandmarkDetail.swift in Sources */,
				ACB44BB6239F984800B3EF45 /* Room.swift in Sources */,
				ACB44C1723A0EE9500B3EF45 /* LandmarkRow.swift in Sources */,
				ACB44C1423A0EE9500B3EF45 /* UserData.swift in Sources */,
				ACB44C1123A0EE9500B3EF45 /* CircleImage.swift in Sources */,
				ACB44B9C239F97D100B3EF45 /* SceneDelegate.swift in Sources */,
				ACB44B9E239F97D100B3EF45 /* ContentView.swift in Sources */,
				ACB44BB4239F984800B3EF45 /* RoomDetail.swift in Sources */,
				ACB44C1223A0EE9500B3EF45 /* LandmarkList.swift in Sources */,
			);
			runOnlyForDeploymentPostprocessing = 0;
		};
/* End PBXSourcesBuildPhase section */

/* Begin PBXVariantGroup section */
		ACB44BA4239F97D400B3EF45 /* LaunchScreen.storyboard */ = {
			isa = PBXVariantGroup;
			children = (
				ACB44BA5239F97D400B3EF45 /* Base */,
			);
			name = LaunchScreen.storyboard;
			sourceTree = "<group>";
		};
/* End PBXVariantGroup section */

/* Begin XCBuildConfiguration section */
		ACB44BA8239F97D400B3EF45 /* Debug */ = {
			isa = XCBuildConfiguration;
			buildSettings = {
				ALWAYS_SEARCH_USER_PATHS = NO;
				CLANG_ANALYZER_NONNULL = YES;
				CLANG_ANALYZER_NUMBER_OBJECT_CONVERSION = YES_AGGRESSIVE;
				CLANG_CXX_LANGUAGE_STANDARD = "gnu++14";
				CLANG_CXX_LIBRARY = "libc++";
				CLANG_ENABLE_MODULES = YES;
				CLANG_ENABLE_OBJC_ARC = YES;
				CLANG_ENABLE_OBJC_WEAK = YES;
				CLANG_WARN_BLOCK_CAPTURE_AUTORELEASING = YES;
				CLANG_WARN_BOOL_CONVERSION = YES;
				CLANG_WARN_COMMA = YES;
				CLANG_WARN_CONSTANT_CONVERSION = YES;
				CLANG_WARN_DEPRECATED_OBJC_IMPLEMENTATIONS = YES;
				CLANG_WARN_DIRECT_OBJC_ISA_USAGE = YES_ERROR;
				CLANG_WARN_DOCUMENTATION_COMMENTS = YES;
				CLANG_WARN_EMPTY_BODY = YES;
				CLANG_WARN_ENUM_CONVERSION = YES;
				CLANG_WARN_INFINITE_RECURSION = YES;
				CLANG_WARN_INT_CONVERSION = YES;
				CLANG_WARN_NON_LITERAL_NULL_CONVERSION = YES;
				CLANG_WARN_OBJC_IMPLICIT_RETAIN_SELF = YES;
				CLANG_WARN_OBJC_LITERAL_CONVERSION = YES;
				CLANG_WARN_OBJC_ROOT_CLASS = YES_ERROR;
				CLANG_WARN_RANGE_LOOP_ANALYSIS = YES;
				CLANG_WARN_STRICT_PROTOTYPES = YES;
				CLANG_WARN_SUSPICIOUS_MOVE = YES;
				CLANG_WARN_UNGUARDED_AVAILABILITY = YES_AGGRESSIVE;
				CLANG_WARN_UNREACHABLE_CODE = YES;
				CLANG_WARN__DUPLICATE_METHOD_MATCH = YES;
				COPY_PHASE_STRIP = NO;
				DEBUG_INFORMATION_FORMAT = dwarf;
				ENABLE_STRICT_OBJC_MSGSEND = YES;
				ENABLE_TESTABILITY = YES;
				GCC_C_LANGUAGE_STANDARD = gnu11;
				GCC_DYNAMIC_NO_PIC = NO;
				GCC_NO_COMMON_BLOCKS = YES;
				GCC_OPTIMIZATION_LEVEL = 0;
				GCC_PREPROCESSOR_DEFINITIONS = (
					"DEBUG=1",
					"$(inherited)",
				);
				GCC_WARN_64_TO_32_BIT_CONVERSION = YES;
				GCC_WARN_ABOUT_RETURN_TYPE = YES_ERROR;
				GCC_WARN_UNDECLARED_SELECTOR = YES;
				GCC_WARN_UNINITIALIZED_AUTOS = YES_AGGRESSIVE;
				GCC_WARN_UNUSED_FUNCTION = YES;
				GCC_WARN_UNUSED_VARIABLE = YES;
				IPHONEOS_DEPLOYMENT_TARGET = 13.2;
				MTL_ENABLE_DEBUG_INFO = INCLUDE_SOURCE;
				MTL_FAST_MATH = YES;
				ONLY_ACTIVE_ARCH = YES;
				SDKROOT = iphoneos;
				SWIFT_ACTIVE_COMPILATION_CONDITIONS = DEBUG;
				SWIFT_OPTIMIZATION_LEVEL = "-Onone";
			};
			name = Debug;
		};
		ACB44BA9239F97D400B3EF45 /* Release */ = {
			isa = XCBuildConfiguration;
			buildSettings = {
				ALWAYS_SEARCH_USER_PATHS = NO;
				CLANG_ANALYZER_NONNULL = YES;
				CLANG_ANALYZER_NUMBER_OBJECT_CONVERSION = YES_AGGRESSIVE;
				CLANG_CXX_LANGUAGE_STANDARD = "gnu++14";
				CLANG_CXX_LIBRARY = "libc++";
				CLANG_ENABLE_MODULES = YES;
				CLANG_ENABLE_OBJC_ARC = YES;
				CLANG_ENABLE_OBJC_WEAK = YES;
				CLANG_WARN_BLOCK_CAPTURE_AUTORELEASING = YES;
				CLANG_WARN_BOOL_CONVERSION = YES;
				CLANG_WARN_COMMA = YES;
				CLANG_WARN_CONSTANT_CONVERSION = YES;
				CLANG_WARN_DEPRECATED_OBJC_IMPLEMENTATIONS = YES;
				CLANG_WARN_DIRECT_OBJC_ISA_USAGE = YES_ERROR;
				CLANG_WARN_DOCUMENTATION_COMMENTS = YES;
				CLANG_WARN_EMPTY_BODY = YES;
				CLANG_WARN_ENUM_CONVERSION = YES;
				CLANG_WARN_INFINITE_RECURSION = YES;
				CLANG_WARN_INT_CONVERSION = YES;
				CLANG_WARN_NON_LITERAL_NULL_CONVERSION = YES;
				CLANG_WARN_OBJC_IMPLICIT_RETAIN_SELF = YES;
				CLANG_WARN_OBJC_LITERAL_CONVERSION = YES;
				CLANG_WARN_OBJC_ROOT_CLASS = YES_ERROR;
				CLANG_WARN_RANGE_LOOP_ANALYSIS = YES;
				CLANG_WARN_STRICT_PROTOTYPES = YES;
				CLANG_WARN_SUSPICIOUS_MOVE = YES;
				CLANG_WARN_UNGUARDED_AVAILABILITY = YES_AGGRESSIVE;
				CLANG_WARN_UNREACHABLE_CODE = YES;
				CLANG_WARN__DUPLICATE_METHOD_MATCH = YES;
				COPY_PHASE_STRIP = NO;
				DEBUG_INFORMATION_FORMAT = "dwarf-with-dsym";
				ENABLE_NS_ASSERTIONS = NO;
				ENABLE_STRICT_OBJC_MSGSEND = YES;
				GCC_C_LANGUAGE_STANDARD = gnu11;
				GCC_NO_COMMON_BLOCKS = YES;
				GCC_WARN_64_TO_32_BIT_CONVERSION = YES;
				GCC_WARN_ABOUT_RETURN_TYPE = YES_ERROR;
				GCC_WARN_UNDECLARED_SELECTOR = YES;
				GCC_WARN_UNINITIALIZED_AUTOS = YES_AGGRESSIVE;
				GCC_WARN_UNUSED_FUNCTION = YES;
				GCC_WARN_UNUSED_VARIABLE = YES;
				IPHONEOS_DEPLOYMENT_TARGET = 13.2;
				MTL_ENABLE_DEBUG_INFO = NO;
				MTL_FAST_MATH = YES;
				SDKROOT = iphoneos;
				SWIFT_COMPILATION_MODE = wholemodule;
				SWIFT_OPTIMIZATION_LEVEL = "-O";
				VALIDATE_PRODUCT = YES;
			};
			name = Release;
		};
		ACB44BAB239F97D400B3EF45 /* Debug */ = {
			isa = XCBuildConfiguration;
			buildSettings = {
				ASSETCATALOG_COMPILER_APPICON_NAME = AppIcon;
				CODE_SIGN_STYLE = Automatic;
				DEVELOPMENT_ASSET_PATHS = "\"SwiftUI-WWDC19/Preview Content\"";
				DEVELOPMENT_TEAM = GJ7RN3GE99;
				ENABLE_PREVIEWS = YES;
				INFOPLIST_FILE = "SwiftUI-WWDC19/Info.plist";
				LD_RUNPATH_SEARCH_PATHS = (
					"$(inherited)",
					"@executable_path/Frameworks",
				);
				PRODUCT_BUNDLE_IDENTIFIER = "ml.tonystudio.SwiftUI-WWDC19";
				PRODUCT_NAME = "$(TARGET_NAME)";
				SWIFT_VERSION = 5.0;
				TARGETED_DEVICE_FAMILY = "1,2";
			};
			name = Debug;
		};
		ACB44BAC239F97D400B3EF45 /* Release */ = {
			isa = XCBuildConfiguration;
			buildSettings = {
				ASSETCATALOG_COMPILER_APPICON_NAME = AppIcon;
				CODE_SIGN_STYLE = Automatic;
				DEVELOPMENT_ASSET_PATHS = "\"SwiftUI-WWDC19/Preview Content\"";
				DEVELOPMENT_TEAM = GJ7RN3GE99;
				ENABLE_PREVIEWS = YES;
				INFOPLIST_FILE = "SwiftUI-WWDC19/Info.plist";
				LD_RUNPATH_SEARCH_PATHS = (
					"$(inherited)",
					"@executable_path/Frameworks",
				);
				PRODUCT_BUNDLE_IDENTIFIER = "ml.tonystudio.SwiftUI-WWDC19";
				PRODUCT_NAME = "$(TARGET_NAME)";
				SWIFT_VERSION = 5.0;
				TARGETED_DEVICE_FAMILY = "1,2";
			};
			name = Release;
		};
/* End XCBuildConfiguration section */

/* Begin XCConfigurationList section */
		ACB44B91239F97D100B3EF45 /* Build configuration list for PBXProject "SwiftUI-WWDC19" */ = {
			isa = XCConfigurationList;
			buildConfigurations = (
				ACB44BA8239F97D400B3EF45 /* Debug */,
				ACB44BA9239F97D400B3EF45 /* Release */,
			);
			defaultConfigurationIsVisible = 0;
			defaultConfigurationName = Release;
		};
		ACB44BAA239F97D400B3EF45 /* Build configuration list for PBXNativeTarget "SwiftUI-WWDC19" */ = {
			isa = XCConfigurationList;
			buildConfigurations = (
				ACB44BAB239F97D400B3EF45 /* Debug */,
				ACB44BAC239F97D400B3EF45 /* Release */,
			);
			defaultConfigurationIsVisible = 0;
			defaultConfigurationName = Release;
		};
/* End XCConfigurationList section */
	};
	rootObject = ACB44B8E239F97D100B3EF45 /* Project object */;
}
